
Microsoft Visual Studio Solution File, Format Version 12.00
# Visual Studio Version 17
VisualStudioVersion = 17.2.32616.157
MinimumVisualStudioVersion = 10.0.40219.1
Project("{FAE04EC0-301F-11D3-BF4B-00C04F79EFBC}") = "XamarinTrainingRooms", "XamarinTrainingRooms.csproj", "{7FACB993-F100-4363-8011-05B891BC5577}"
EndProject
Project("{FAE04EC0-301F-11D3-BF4B-00C04F79EFBC}") = "trainingrooms.droid", "..\trainingrooms.droid\trainingrooms.droid.csproj", "{BD01B2B9-FA9A-4A4F-BD4C-C3045F321F67}"
EndProject
Global
	GlobalSection(SolutionConfigurationPlatforms) = preSolution
		Debug|Any CPU = Debug|Any CPU
		Release|Any CPU = Release|Any CPU
	EndGlobalSection
	GlobalSection(ProjectConfigurationPlatforms) = postSolution
		{7FACB993-F100-4363-8011-05B891BC5577}.Debug|Any CPU.ActiveCfg = Debug|Any CPU
		{7FACB993-F100-4363-8011-05B891BC5577}.Debug|Any CPU.Build.0 = Debug|Any CPU
		{7FACB993-F100-4363-8011-05B891BC5577}.Release|Any CPU.ActiveCfg = Release|Any CPU
		{7FACB993-F100-4363-8011-05B891BC5577}.Release|Any CPU.Build.0 = Release|Any CPU
		{BD01B2B9-FA9A-4A4F-BD4C-C3045F321F67}.Debug|Any CPU.ActiveCfg = Debug|Any CPU
		{BD01B2B9-FA9A-4A4F-BD4C-C3045F321F67}.Debug|Any CPU.Build.0 = Debug|Any CPU
		{BD01B2B9-FA9A-4A4F-BD4C-C3045F321F67}.Debug|Any CPU.Deploy.0 = Debug|Any CPU
		{BD01B2B9-FA9A-4A4F-BD4C-C3045F321F67}.Release|Any CPU.ActiveCfg = Release|Any CPU
		{BD01B2B9-FA9A-4A4F-BD4C-C3045F321F67}.Release|Any CPU.Build.0 = Release|Any CPU
		{BD01B2B9-FA9A-4A4F-BD4C-C3045F321F67}.Release|Any CPU.Deploy.0 = Release|Any CPU
	EndGlobalSection
	GlobalSection(SolutionProperties) = preSolution
		HideSolutionNode = FALSE
	EndGlobalSection
	GlobalSection(ExtensibilityGlobals) = postSolution
		SolutionGuid = {402246A5-E9B6-4414-B2ED-CE9613B6435D}
	EndGlobalSection
EndGlobal
